
Microsoft Visual Studio Solution File, Format Version 12.00
# Visual Studio 15
VisualStudioVersion = 15.0.28307.489
MinimumVisualStudioVersion = 10.0.40219.1
Project("{8BC9CEB8-8B4A-11D0-8D11-00A0C91BC942}") = "SparkyCore", "SparkyCore\SparkyCore.vcxproj", "{238FC84C-8B98-4452-91B8-0C572EC7BCD5}"
EndProject
Global
	GlobalSection(SolutionConfigurationPlatforms) = preSolution
		Debug|x64 = Debug|x64
		Debug|x86 = Debug|x86
		Release|x64 = Release|x64
		Release|x86 = Release|x86
	EndGlobalSection
	GlobalSection(ProjectConfigurationPlatforms) = postSolution
		{238FC84C-8B98-4452-91B8-0C572EC7BCD5}.Debug|x64.ActiveCfg = Debug|x64
		{238FC84C-8B98-4452-91B8-0C572EC7BCD5}.Debug|x64.Build.0 = Debug|x64
		{238FC84C-8B98-4452-91B8-0C572EC7BCD5}.Debug|x86.ActiveCfg = Debug|Win32
		{238FC84C-8B98-4452-91B8-0C572EC7BCD5}.Debug|x86.Build.0 = Debug|Win32
		{238FC84C-8B98-4452-91B8-0C572EC7BCD5}.Release|x64.ActiveCfg = Release|x64
		{238FC84C-8B98-4452-91B8-0C572EC7BCD5}.Release|x64.Build.0 = Release|x64
		{238FC84C-8B98-4452-91B8-0C572EC7BCD5}.Release|x86.ActiveCfg = Release|Win32
		{238FC84C-8B98-4452-91B8-0C572EC7BCD5}.Release|x86.Build.0 = Release|Win32
	EndGlobalSection
	GlobalSection(SolutionProperties) = preSolution
		HideSolutionNode = FALSE
	EndGlobalSection
	GlobalSection(ExtensibilityGlobals) = postSolution
		SolutionGuid = {DA38777F-0E45-4E2B-92D6-8D2D697A04BA}
	EndGlobalSection
EndGlobal
